
Microsoft Visual Studio Solution File, Format Version 12.00
# Visual Studio Version 16
VisualStudioVersion = 16.0.30114.105
MinimumVisualStudioVersion = 10.0.40219.1
Project("{2150E333-8FDC-42A3-9474-1A3956D46DE8}") = "src", "src", "{EA52C300-3A49-4FF1-927A-2D20EBC1984C}"
EndProject
Project("{2150E333-8FDC-42A3-9474-1A3956D46DE8}") = "test", "test", "{3AECB7B9-A912-4E7F-AE12-70C8427490BD}"
EndProject
Project("{9A19103F-16F7-4668-BE54-9A1E7A4F7556}") = "Business", "src\Business\Business.csproj", "{1A3B562A-4DE8-4512-A137-F17A4451C958}"
EndProject
Project("{9A19103F-16F7-4668-BE54-9A1E7A4F7556}") = "Persistence", "src\Persistence\Persistence.csproj", "{92F257BC-029D-40D9-BBAE-6B17A8A07141}"
EndProject
Project("{9A19103F-16F7-4668-BE54-9A1E7A4F7556}") = "UI.Web.RazorPages", "src\UI.Web.RazorPages\UI.Web.RazorPages.csproj", "{7F520A76-16BF-4326-9CF5-1DA242FD281A}"
EndProject
Project("{FAE04EC0-301F-11D3-BF4B-00C04F79EFBC}") = "Tests", "test\Tests\Tests.csproj", "{ED1DAD9D-FC4F-4D49-B8D6-B536B1E59576}"
EndProject
Global
	GlobalSection(SolutionConfigurationPlatforms) = preSolution
		Debug|Any CPU = Debug|Any CPU
		Release|Any CPU = Release|Any CPU
	EndGlobalSection
	GlobalSection(ProjectConfigurationPlatforms) = postSolution
		{1A3B562A-4DE8-4512-A137-F17A4451C958}.Debug|Any CPU.ActiveCfg = Debug|Any CPU
		{1A3B562A-4DE8-4512-A137-F17A4451C958}.Debug|Any CPU.Build.0 = Debug|Any CPU
		{1A3B562A-4DE8-4512-A137-F17A4451C958}.Release|Any CPU.ActiveCfg = Release|Any CPU
		{1A3B562A-4DE8-4512-A137-F17A4451C958}.Release|Any CPU.Build.0 = Release|Any CPU
		{92F257BC-029D-40D9-BBAE-6B17A8A07141}.Debug|Any CPU.ActiveCfg = Debug|Any CPU
		{92F257BC-029D-40D9-BBAE-6B17A8A07141}.Debug|Any CPU.Build.0 = Debug|Any CPU
		{92F257BC-029D-40D9-BBAE-6B17A8A07141}.Release|Any CPU.ActiveCfg = Release|Any CPU
		{92F257BC-029D-40D9-BBAE-6B17A8A07141}.Release|Any CPU.Build.0 = Release|Any CPU
		{7F520A76-16BF-4326-9CF5-1DA242FD281A}.Debug|Any CPU.ActiveCfg = Debug|Any CPU
		{7F520A76-16BF-4326-9CF5-1DA242FD281A}.Debug|Any CPU.Build.0 = Debug|Any CPU
		{7F520A76-16BF-4326-9CF5-1DA242FD281A}.Release|Any CPU.ActiveCfg = Release|Any CPU
		{7F520A76-16BF-4326-9CF5-1DA242FD281A}.Release|Any CPU.Build.0 = Release|Any CPU
		{ED1DAD9D-FC4F-4D49-B8D6-B536B1E59576}.Debug|Any CPU.ActiveCfg = Debug|Any CPU
		{ED1DAD9D-FC4F-4D49-B8D6-B536B1E59576}.Debug|Any CPU.Build.0 = Debug|Any CPU
		{ED1DAD9D-FC4F-4D49-B8D6-B536B1E59576}.Release|Any CPU.ActiveCfg = Release|Any CPU
		{ED1DAD9D-FC4F-4D49-B8D6-B536B1E59576}.Release|Any CPU.Build.0 = Release|Any CPU
	EndGlobalSection
	GlobalSection(SolutionProperties) = preSolution
		HideSolutionNode = FALSE
	EndGlobalSection
	GlobalSection(NestedProjects) = preSolution
		{1A3B562A-4DE8-4512-A137-F17A4451C958} = {EA52C300-3A49-4FF1-927A-2D20EBC1984C}
		{92F257BC-029D-40D9-BBAE-6B17A8A07141} = {EA52C300-3A49-4FF1-927A-2D20EBC1984C}
		{7F520A76-16BF-4326-9CF5-1DA242FD281A} = {EA52C300-3A49-4FF1-927A-2D20EBC1984C}
		{ED1DAD9D-FC4F-4D49-B8D6-B536B1E59576} = {3AECB7B9-A912-4E7F-AE12-70C8427490BD}
	EndGlobalSection
	GlobalSection(ExtensibilityGlobals) = postSolution
		SolutionGuid = {A138465E-059A-45A8-AE09-4D16F0D8D092}
	EndGlobalSection
EndGlobal
